// !$*UTF8*$!
{
	archiveVersion = 1;
	classes = {
	};
	objectVersion = 46;
	objects = {
/* Begin PBXBuildFile section */
		0207DA581B56EA530066E2B4 /* Images.xcassets in Resources */ = {isa = PBXBuildFile; fileRef = 0207DA571B56EA530066E2B4 /* Images.xcassets */; };
		09EC81D79FAE4A2AB8B1FC81 /* CDVWKWebViewEngine.m in Sources */ = {isa = PBXBuildFile; fileRef = EB53542B17134B49AE2207A9 /* CDVWKWebViewEngine.m */; };
		0E9F487687CB41B69D97CDCF /* GCDWebServerFileResponse.m in Sources */ = {isa = PBXBuildFile; fileRef = E1280CE3DB8548A7B01C3211 /* GCDWebServerFileResponse.m */; };
		1074B41EB08547229522A56F /* CDVWKProcessPoolFactory.m in Sources */ = {isa = PBXBuildFile; fileRef = 74EF3C4B786943648DE9E97E /* CDVWKProcessPoolFactory.m */; };
		10F738C870694DA599892324 /* UNNotificationRequest+APPLocalNotification.m in Sources */ = {isa = PBXBuildFile; fileRef = EBC330184F72467C908F11D8 /* UNNotificationRequest+APPLocalNotification.m */; };
		11647A67525E4797BAD464FB /* CDVSplashScreen.m in Sources */ = {isa = PBXBuildFile; fileRef = 47A40F1B82234BDF9AE1ECB5 /* CDVSplashScreen.m */; };
		12C052C90800410B841B0DC1 /* GeofencePlugin.swift in Sources */ = {isa = PBXBuildFile; fileRef = A70C3EBCE9B1442EB6482FDE /* GeofencePlugin.swift */; };
		1D3623260D0F684500981E51 /* AppDelegate.m in Sources */ = {isa = PBXBuildFile; fileRef = 1D3623250D0F684500981E51 /* AppDelegate.m */; };
		1D60589B0D05DD56006BFB54 /* main.m in Sources */ = {isa = PBXBuildFile; fileRef = 29B97316FDCFA39411CA2CEA /* main.m */; };
		24E98ADCC873450F947C8601 /* GCDWebServerDataRequest.m in Sources */ = {isa = PBXBuildFile; fileRef = 62B6A61D859E431BBB363F38 /* GCDWebServerDataRequest.m */; };
		2E19B071D1F34949A10D2A93 /* GCDWebServerURLEncodedFormRequest.m in Sources */ = {isa = PBXBuildFile; fileRef = 6CF90F108E20435EAFA774A7 /* GCDWebServerURLEncodedFormRequest.m */; };
		2F0460186891408083815136 /* APPLocalNotification.m in Sources */ = {isa = PBXBuildFile; fileRef = A4C868DA7DFB4ABC822B7566 /* APPLocalNotification.m */; };
		301BF552109A68D80062928A /* libCordova.a in Frameworks */ = {isa = PBXBuildFile; fileRef = 301BF535109A57CC0062928A /* libCordova.a */; };
		302D95F114D2391D003F00A1 /* MainViewController.m in Sources */ = {isa = PBXBuildFile; fileRef = 302D95EF14D2391D003F00A1 /* MainViewController.m */; };
		302D95F214D2391D003F00A1 /* MainViewController.xib in Resources */ = {isa = PBXBuildFile; fileRef = 302D95F014D2391D003F00A1 /* MainViewController.xib */; };
		357CAC504B314917839B22EF /* SwiftyJson.swift in Sources */ = {isa = PBXBuildFile; fileRef = 994BE9A2834F4B50B02AA7C1 /* SwiftyJson.swift */; };
		35817C16ADA84497B12D1497 /* CDVWKWebViewUIDelegate.m in Sources */ = {isa = PBXBuildFile; fileRef = 01C281669DB1481FA195F140 /* CDVWKWebViewUIDelegate.m */; };
		3CFBD955FE9D452A822F7936 /* APPNotificationContent.m in Sources */ = {isa = PBXBuildFile; fileRef = 715AA1DB1B3B4A899B35FA0F /* APPNotificationContent.m */; };
		3EAEA54096E149BEBAC4D9B0 /* ImageIO.framework in Frameworks */ = {isa = PBXBuildFile; fileRef = 932F6617FDD64868AAA100ED /* ImageIO.framework */; settings = {ATTRIBUTES = (Weak, ); }; };
		42BABB7565744E4C8FBF8B77 /* GCDWebServerFileRequest.m in Sources */ = {isa = PBXBuildFile; fileRef = 8264463CE5E348619B0CA2D6 /* GCDWebServerFileRequest.m */; };
		434AEEDA5A4E467D9E6723FA /* AVFoundation.framework in Frameworks */ = {isa = PBXBuildFile; fileRef = D6F7AE4C9FA349C1AA29BAFA /* AVFoundation.framework */; };
		49679544EF564482A0B7B7DB /* GCDWebServerResponse.m in Sources */ = {isa = PBXBuildFile; fileRef = 6F3C712051AE4AAE97F63DF1 /* GCDWebServerResponse.m */; };
		4AAA858384574EB09000C2F3 /* AddressBookUI.framework in Frameworks */ = {isa = PBXBuildFile; fileRef = E997AC0ED24D4EBDB7FD830A /* AddressBookUI.framework */; settings = {ATTRIBUTES = (Weak, ); }; };
		4D2B054ED2194EC590CD3872 /* CDVContact.m in Sources */ = {isa = PBXBuildFile; fileRef = E596AE3CAEAC474AB9C9D6C6 /* CDVContact.m */; };
		4DFDF3567971474A91252238 /* GCDWebServerFunctions.m in Sources */ = {isa = PBXBuildFile; fileRef = 6748AF10ACF74FBEA3568E98 /* GCDWebServerFunctions.m */; };
		554F142059C3410BB598D040 /* UIImage+CropScaleOrientation.m in Sources */ = {isa = PBXBuildFile; fileRef = B4973640DBD548889B1A6BDD /* UIImage+CropScaleOrientation.m */; };
		5666FBDF0CE2409684C80B82 /* CDVStatusBar.m in Sources */ = {isa = PBXBuildFile; fileRef = E14019DBB09C4944A95D5E04 /* CDVStatusBar.m */; };
		6387B4E784D847BE8CA0078C /* GCDWebServerConnection.m in Sources */ = {isa = PBXBuildFile; fileRef = 4ACBB5330FF444F89F2657B9 /* GCDWebServerConnection.m */; };
		68C4BE1A50B74BE3B4C9831B /* AddressBook.framework in Frameworks */ = {isa = PBXBuildFile; fileRef = 96FE0DEB668D4CC6882E5953 /* AddressBook.framework */; settings = {ATTRIBUTES = (Weak, ); }; };
		6AFF5BF91D6E424B00AB3073 /* CDVLaunchScreen.storyboard in Resources */ = {isa = PBXBuildFile; fileRef = 6AFF5BF81D6E424B00AB3073 /* CDVLaunchScreen.storyboard */; };
		6DE687F38DE9421AA7F2F601 /* CDVIonicKeyboard.m in Sources */ = {isa = PBXBuildFile; fileRef = 2AF621CF91C54B4CB07BCC9C /* CDVIonicKeyboard.m */; };
		7676F7DF3E1341E09D4A3A95 /* UserNotifications.framework in Frameworks */ = {isa = PBXBuildFile; fileRef = 303929CC7AE148A49181E8A2 /* UserNotifications.framework */; };
		7E90E1B144B844C1A07AA321 /* WebKit.framework in Frameworks */ = {isa = PBXBuildFile; fileRef = D5D3DF5177E8480EAA21DDBC /* WebKit.framework */; settings = {ATTRIBUTES = (Weak, ); }; };
		7EF3228F58164D82AC3C33F4 /* CDVViewController+SplashScreen.m in Sources */ = {isa = PBXBuildFile; fileRef = 66903FE4FC3443C9854549A4 /* CDVViewController+SplashScreen.m */; };
		876735402257468FB245D930 /* GCDWebServerMultiPartFormRequest.m in Sources */ = {isa = PBXBuildFile; fileRef = F3892C29DE584FAAB3DCFA00 /* GCDWebServerMultiPartFormRequest.m */; };
		886F3CB2B5A24344A1B3FBDC /* CDVCamera.m in Sources */ = {isa = PBXBuildFile; fileRef = 28E03AAEF0F84559818F5049 /* CDVCamera.m */; };
		9F44441DFFB849798DF9BD8C /* GCDWebServerRequest.m in Sources */ = {isa = PBXBuildFile; fileRef = D8196422E6C4458DA0725E48 /* GCDWebServerRequest.m */; };
		A781E25D0AA9469EA2BA0BE8 /* libz.tbd in Frameworks */ = {isa = PBXBuildFile; fileRef = C28549E830CE4F79A3A94C90 /* libz.tbd */; };
		B095AABC944044348B729D1B /* CDVContacts.m in Sources */ = {isa = PBXBuildFile; fileRef = 4FA3DF34A47D4CEF9FDDC743 /* CDVContacts.m */; };
		B8EE57160A9F4666ADAF2BA3 /* APPBadge.m in Sources */ = {isa = PBXBuildFile; fileRef = 930919D7CC924F50BE065115 /* APPBadge.m */; };
		BD14E8AB2FC24C4ABF73A582 /* CDVLocation.m in Sources */ = {isa = PBXBuildFile; fileRef = 3886E43F2D6048B38AA74745 /* CDVLocation.m */; };
		C07FC5F1850C4BF0820CDF47 /* GCDWebServer.m in Sources */ = {isa = PBXBuildFile; fileRef = A9279E38E66A40DD8BB00DBF /* GCDWebServer.m */; };
		C290E235337B4F069E11B234 /* APPNotificationOptions.m in Sources */ = {isa = PBXBuildFile; fileRef = 095C9521B340488DA5D289DF /* APPNotificationOptions.m */; };
		C41DA09A46C24BA5BECD1E86 /* CoreLocation.framework in Frameworks */ = {isa = PBXBuildFile; fileRef = 4EE58E1FBAF64B52BB9F8C99 /* CoreLocation.framework */; };
		CC664EC755B04B22A687F98A /* SwiftData.swift in Sources */ = {isa = PBXBuildFile; fileRef = E85BAA59AFC94FF9BB0DB510 /* SwiftData.swift */; };
		CD272D06A452457D9F14F403 /* libsqlite3.dylib in Frameworks */ = {isa = PBXBuildFile; fileRef = DD038C2E03A74C6DBB8E87CC /* libsqlite3.dylib */; };
		DE188188439F42C8B98C5FDC /* CDVJpegHeaderWriter.m in Sources */ = {isa = PBXBuildFile; fileRef = 909E278A7F784195B63008BF /* CDVJpegHeaderWriter.m */; };
		E1893987BFD84E04B41FE987 /* UNUserNotificationCenter+APPLocalNotification.m in Sources */ = {isa = PBXBuildFile; fileRef = 478D3E85CB164336BF331429 /* UNUserNotificationCenter+APPLocalNotification.m */; };
		E6118150ED19430688512261 /* GCDWebServerDataResponse.m in Sources */ = {isa = PBXBuildFile; fileRef = 3D3CCA735E874856BE22841B /* GCDWebServerDataResponse.m */; };
		FC02FE2DB3834E9394CDA849 /* GCDWebServerStreamedResponse.m in Sources */ = {isa = PBXBuildFile; fileRef = 0543EE66F86141688D4B0620 /* GCDWebServerStreamedResponse.m */; };
		FD6FB64A62364101BAB4169E /* GCDWebServerErrorResponse.m in Sources */ = {isa = PBXBuildFile; fileRef = 050B588ADA2D4CFD9AF6D990 /* GCDWebServerErrorResponse.m */; };
		FECFD4733BE8481090A1EAE1 /* CDVDevice.m in Sources */ = {isa = PBXBuildFile; fileRef = EC5C74AE4F124C9CA021706D /* CDVDevice.m */; };
/* End PBXBuildFile section */

/* Begin PBXContainerItemProxy section */
		301BF534109A57CC0062928A /* PBXContainerItemProxy */ = {
			isa = PBXContainerItemProxy;
			containerPortal = 301BF52D109A57CC0062928A /* CordovaLib/CordovaLib.xcodeproj */;
			proxyType = 2;
			remoteGlobalIDString = D2AAC07E0554694100DB518D;
			remoteInfo = CordovaLib;
		};
		301BF550109A68C00062928A /* PBXContainerItemProxy */ = {
			isa = PBXContainerItemProxy;
			containerPortal = 301BF52D109A57CC0062928A /* CordovaLib/CordovaLib.xcodeproj */;
			proxyType = 1;
			remoteGlobalIDString = D2AAC07D0554694100DB518D;
			remoteInfo = CordovaLib;
		};
		61CEA26420DEEAD400418527 /* PBXContainerItemProxy */ = {
			isa = PBXContainerItemProxy;
			containerPortal = 301BF52D109A57CC0062928A /* CordovaLib/CordovaLib.xcodeproj */;
			proxyType = 2;
			remoteGlobalIDString = C0C01EB21E3911D50056E6CB;
			remoteInfo = Cordova;
		};
/* End PBXContainerItemProxy section */

/* Begin PBXFileReference section */
		01C281669DB1481FA195F140 /* CDVWKWebViewUIDelegate.m */ = {isa = PBXFileReference; explicitFileType = undefined; fileEncoding = 4; includeInIndex = 0; lastKnownFileType = sourcecode.c.objc; name = CDVWKWebViewUIDelegate.m; path = "cordova-plugin-ionic-webview/CDVWKWebViewUIDelegate.m"; sourceTree = "<group>"; };
		0207DA571B56EA530066E2B4 /* Images.xcassets */ = {isa = PBXFileReference; lastKnownFileType = folder.assetcatalog; name = Images.xcassets; path = uballn/Images.xcassets; sourceTree = SOURCE_ROOT; };
		04CC619499F6441AAA322A8F /* CDVCamera.h */ = {isa = PBXFileReference; explicitFileType = undefined; fileEncoding = 4; includeInIndex = 0; lastKnownFileType = sourcecode.c.h; name = CDVCamera.h; path = "cordova-plugin-camera/CDVCamera.h"; sourceTree = "<group>"; };
		050B588ADA2D4CFD9AF6D990 /* GCDWebServerErrorResponse.m */ = {isa = PBXFileReference; explicitFileType = undefined; fileEncoding = 4; includeInIndex = 0; lastKnownFileType = sourcecode.c.objc; name = GCDWebServerErrorResponse.m; path = "cordova-plugin-ionic-webview/GCDWebServerErrorResponse.m"; sourceTree = "<group>"; };
		0543EE66F86141688D4B0620 /* GCDWebServerStreamedResponse.m */ = {isa = PBXFileReference; explicitFileType = undefined; fileEncoding = 4; includeInIndex = 0; lastKnownFileType = sourcecode.c.objc; name = GCDWebServerStreamedResponse.m; path = "cordova-plugin-ionic-webview/GCDWebServerStreamedResponse.m"; sourceTree = "<group>"; };
		065894369E68489EB2DF5BB6 /* GCDWebServerResponse.h */ = {isa = PBXFileReference; explicitFileType = undefined; fileEncoding = 4; includeInIndex = 0; lastKnownFileType = sourcecode.c.h; name = GCDWebServerResponse.h; path = "cordova-plugin-ionic-webview/GCDWebServerResponse.h"; sourceTree = "<group>"; };
		0817291550504A938745F1F9 /* GCDWebServerFileResponse.h */ = {isa = PBXFileReference; explicitFileType = undefined; fileEncoding = 4; includeInIndex = 0; lastKnownFileType = sourcecode.c.h; name = GCDWebServerFileResponse.h; path = "cordova-plugin-ionic-webview/GCDWebServerFileResponse.h"; sourceTree = "<group>"; };
		095C9521B340488DA5D289DF /* APPNotificationOptions.m */ = {isa = PBXFileReference; explicitFileType = undefined; fileEncoding = 4; includeInIndex = 0; lastKnownFileType = sourcecode.c.objc; name = APPNotificationOptions.m; path = "cordova-plugin-local-notification/APPNotificationOptions.m"; sourceTree = "<group>"; };
		0A390E792CB5489093E5E9D0 /* GCDWebServerDataResponse.h */ = {isa = PBXFileReference; explicitFileType = undefined; fileEncoding = 4; includeInIndex = 0; lastKnownFileType = sourcecode.c.h; name = GCDWebServerDataResponse.h; path = "cordova-plugin-ionic-webview/GCDWebServerDataResponse.h"; sourceTree = "<group>"; };
		0AAD856825E14D1EBA964EAF /* CDVStatusBar.h */ = {isa = PBXFileReference; explicitFileType = undefined; fileEncoding = 4; includeInIndex = 0; lastKnownFileType = sourcecode.c.h; name = CDVStatusBar.h; path = "cordova-plugin-statusbar/CDVStatusBar.h"; sourceTree = "<group>"; };
		0B2BF5B339AA4410B0C4DE87 /* CDVExif.h */ = {isa = PBXFileReference; explicitFileType = undefined; fileEncoding = 4; includeInIndex = 0; lastKnownFileType = sourcecode.c.h; name = CDVExif.h; path = "cordova-plugin-camera/CDVExif.h"; sourceTree = "<group>"; };
		1262EB05797F48E6BFD694B1 /* Geofence-Plugin-Bridging-Header.h */ = {isa = PBXFileReference; explicitFileType = undefined; fileEncoding = 4; includeInIndex = 0; lastKnownFileType = sourcecode.c.h; name = "Geofence-Plugin-Bridging-Header.h"; path = "cordova-plugin-geofence/Geofence-Plugin-Bridging-Header.h"; sourceTree = "<group>"; };
		136C773A81454EBEB9660321 /* APPNotificationOptions.h */ = {isa = PBXFileReference; explicitFileType = undefined; fileEncoding = 4; includeInIndex = 0; lastKnownFileType = sourcecode.c.h; name = APPNotificationOptions.h; path = "cordova-plugin-local-notification/APPNotificationOptions.h"; sourceTree = "<group>"; };
		1D3623240D0F684500981E51 /* AppDelegate.h */ = {isa = PBXFileReference; fileEncoding = 4; lastKnownFileType = sourcecode.c.h; path = AppDelegate.h; sourceTree = "<group>"; };
		1D3623250D0F684500981E51 /* AppDelegate.m */ = {isa = PBXFileReference; fileEncoding = 4; lastKnownFileType = sourcecode.c.objc; path = AppDelegate.m; sourceTree = "<group>"; };
		1D6058910D05DD3D006BFB54 /* uballn.app */ = {isa = PBXFileReference; explicitFileType = wrapper.application; includeInIndex = 0; path = uballn.app; sourceTree = BUILT_PRODUCTS_DIR; };
		1E8212E87469478495848EE4 /* CDVWKWebViewUIDelegate.h */ = {isa = PBXFileReference; explicitFileType = undefined; fileEncoding = 4; includeInIndex = 0; lastKnownFileType = sourcecode.c.h; name = CDVWKWebViewUIDelegate.h; path = "cordova-plugin-ionic-webview/CDVWKWebViewUIDelegate.h"; sourceTree = "<group>"; };
		28E03AAEF0F84559818F5049 /* CDVCamera.m */ = {isa = PBXFileReference; explicitFileType = undefined; fileEncoding = 4; includeInIndex = 0; lastKnownFileType = sourcecode.c.objc; name = CDVCamera.m; path = "cordova-plugin-camera/CDVCamera.m"; sourceTree = "<group>"; };
		29B97316FDCFA39411CA2CEA /* main.m */ = {isa = PBXFileReference; fileEncoding = 4; lastKnownFileType = sourcecode.c.objc; path = main.m; sourceTree = "<group>"; };
		2A78F3AFA0824A4C9CFCBD46 /* GCDWebServerURLEncodedFormRequest.h */ = {isa = PBXFileReference; explicitFileType = undefined; fileEncoding = 4; includeInIndex = 0; lastKnownFileType = sourcecode.c.h; name = GCDWebServerURLEncodedFormRequest.h; path = "cordova-plugin-ionic-webview/GCDWebServerURLEncodedFormRequest.h"; sourceTree = "<group>"; };
		2AF621CF91C54B4CB07BCC9C /* CDVIonicKeyboard.m */ = {isa = PBXFileReference; explicitFileType = undefined; fileEncoding = 4; includeInIndex = 0; lastKnownFileType = sourcecode.c.objc; name = CDVIonicKeyboard.m; path = "cordova-plugin-ionic-keyboard/CDVIonicKeyboard.m"; sourceTree = "<group>"; };
		301BF52D109A57CC0062928A /* CordovaLib/CordovaLib.xcodeproj */ = {isa = PBXFileReference; lastKnownFileType = "wrapper.pb-project"; path = CordovaLib/CordovaLib.xcodeproj; sourceTree = "<group>"; };
		301BF56E109A69640062928A /* www */ = {isa = PBXFileReference; lastKnownFileType = folder; path = www; sourceTree = SOURCE_ROOT; };
		302D95EE14D2391D003F00A1 /* MainViewController.h */ = {isa = PBXFileReference; fileEncoding = 4; lastKnownFileType = sourcecode.c.h; path = MainViewController.h; sourceTree = "<group>"; };
		302D95EF14D2391D003F00A1 /* MainViewController.m */ = {isa = PBXFileReference; fileEncoding = 4; lastKnownFileType = sourcecode.c.objc; path = MainViewController.m; sourceTree = "<group>"; };
		302D95F014D2391D003F00A1 /* MainViewController.xib */ = {isa = PBXFileReference; fileEncoding = 4; lastKnownFileType = file.xib; path = MainViewController.xib; sourceTree = "<group>"; };
		303929CC7AE148A49181E8A2 /* UserNotifications.framework */ = {isa = PBXFileReference; explicitFileType = undefined; fileEncoding = 9; includeInIndex = 0; lastKnownFileType = wrapper.framework; name = UserNotifications.framework; path = System/Library/Frameworks/UserNotifications.framework; sourceTree = SDKROOT; };
		3047A50F1AB8059700498E2A /* build-debug.xcconfig */ = {isa = PBXFileReference; fileEncoding = 4; lastKnownFileType = text.xcconfig; name = "build-debug.xcconfig"; path = "cordova/build-debug.xcconfig"; sourceTree = SOURCE_ROOT; };
		3047A5101AB8059700498E2A /* build-release.xcconfig */ = {isa = PBXFileReference; fileEncoding = 4; lastKnownFileType = text.xcconfig; name = "build-release.xcconfig"; path = "cordova/build-release.xcconfig"; sourceTree = SOURCE_ROOT; };
		3047A5111AB8059700498E2A /* build.xcconfig */ = {isa = PBXFileReference; fileEncoding = 4; lastKnownFileType = text.xcconfig; name = build.xcconfig; path = cordova/build.xcconfig; sourceTree = SOURCE_ROOT; };
		32CA4F630368D1EE00C91783 /* uballn-Prefix.pch */ = {isa = PBXFileReference; fileEncoding = 4; lastKnownFileType = sourcecode.c.h; path = "uballn-Prefix.pch"; sourceTree = "<group>"; };
		37B66CB88A21439188009B7F /* GCDWebServerErrorResponse.h */ = {isa = PBXFileReference; explicitFileType = undefined; fileEncoding = 4; includeInIndex = 0; lastKnownFileType = sourcecode.c.h; name = GCDWebServerErrorResponse.h; path = "cordova-plugin-ionic-webview/GCDWebServerErrorResponse.h"; sourceTree = "<group>"; };
		3886E43F2D6048B38AA74745 /* CDVLocation.m */ = {isa = PBXFileReference; explicitFileType = undefined; fileEncoding = 4; includeInIndex = 0; lastKnownFileType = sourcecode.c.objc; name = CDVLocation.m; path = "cordova-plugin-geolocation/CDVLocation.m"; sourceTree = "<group>"; };
		3B664DBB435C4D639FE2E065 /* GCDWebServerMultiPartFormRequest.h */ = {isa = PBXFileReference; explicitFileType = undefined; fileEncoding = 4; includeInIndex = 0; lastKnownFileType = sourcecode.c.h; name = GCDWebServerMultiPartFormRequest.h; path = "cordova-plugin-ionic-webview/GCDWebServerMultiPartFormRequest.h"; sourceTree = "<group>"; };
		3D3CCA735E874856BE22841B /* GCDWebServerDataResponse.m */ = {isa = PBXFileReference; explicitFileType = undefined; fileEncoding = 4; includeInIndex = 0; lastKnownFileType = sourcecode.c.objc; name = GCDWebServerDataResponse.m; path = "cordova-plugin-ionic-webview/GCDWebServerDataResponse.m"; sourceTree = "<group>"; };
		478D3E85CB164336BF331429 /* UNUserNotificationCenter+APPLocalNotification.m */ = {isa = PBXFileReference; explicitFileType = undefined; fileEncoding = 4; includeInIndex = 0; lastKnownFileType = sourcecode.c.objc; name = "UNUserNotificationCenter+APPLocalNotification.m"; path = "cordova-plugin-local-notification/UNUserNotificationCenter+APPLocalNotification.m"; sourceTree = "<group>"; };
		47A40F1B82234BDF9AE1ECB5 /* CDVSplashScreen.m */ = {isa = PBXFileReference; explicitFileType = undefined; fileEncoding = 4; includeInIndex = 0; lastKnownFileType = sourcecode.c.objc; name = CDVSplashScreen.m; path = "cordova-plugin-splashscreen/CDVSplashScreen.m"; sourceTree = "<group>"; };
		4ACBB5330FF444F89F2657B9 /* GCDWebServerConnection.m */ = {isa = PBXFileReference; explicitFileType = undefined; fileEncoding = 4; includeInIndex = 0; lastKnownFileType = sourcecode.c.objc; name = GCDWebServerConnection.m; path = "cordova-plugin-ionic-webview/GCDWebServerConnection.m"; sourceTree = "<group>"; };
		4C7DDDB3D8FC46F1BF17DA80 /* APPNotificationContent.h */ = {isa = PBXFileReference; explicitFileType = undefined; fileEncoding = 4; includeInIndex = 0; lastKnownFileType = sourcecode.c.h; name = APPNotificationContent.h; path = "cordova-plugin-local-notification/APPNotificationContent.h"; sourceTree = "<group>"; };
		4EE58E1FBAF64B52BB9F8C99 /* CoreLocation.framework */ = {isa = PBXFileReference; explicitFileType = undefined; fileEncoding = 9; includeInIndex = 0; lastKnownFileType = wrapper.framework; name = CoreLocation.framework; path = System/Library/Frameworks/CoreLocation.framework; sourceTree = SDKROOT; };
		4FA3DF34A47D4CEF9FDDC743 /* CDVContacts.m */ = {isa = PBXFileReference; explicitFileType = undefined; fileEncoding = 4; includeInIndex = 0; lastKnownFileType = sourcecode.c.objc; name = CDVContacts.m; path = "cordova-plugin-contacts/CDVContacts.m"; sourceTree = "<group>"; };
		5462CF7DFD8C49D8A04DBD84 /* UNUserNotificationCenter+APPLocalNotification.h */ = {isa = PBXFileReference; explicitFileType = undefined; fileEncoding = 4; includeInIndex = 0; lastKnownFileType = sourcecode.c.h; name = "UNUserNotificationCenter+APPLocalNotification.h"; path = "cordova-plugin-local-notification/UNUserNotificationCenter+APPLocalNotification.h"; sourceTree = "<group>"; };
		597A932F16D649BC98064146 /* APPLocalNotification.h */ = {isa = PBXFileReference; explicitFileType = undefined; fileEncoding = 4; includeInIndex = 0; lastKnownFileType = sourcecode.c.h; name = APPLocalNotification.h; path = "cordova-plugin-local-notification/APPLocalNotification.h"; sourceTree = "<group>"; };
		62B6A61D859E431BBB363F38 /* GCDWebServerDataRequest.m */ = {isa = PBXFileReference; explicitFileType = undefined; fileEncoding = 4; includeInIndex = 0; lastKnownFileType = sourcecode.c.objc; name = GCDWebServerDataRequest.m; path = "cordova-plugin-ionic-webview/GCDWebServerDataRequest.m"; sourceTree = "<group>"; };
		66903FE4FC3443C9854549A4 /* CDVViewController+SplashScreen.m */ = {isa = PBXFileReference; explicitFileType = undefined; fileEncoding = 4; includeInIndex = 0; lastKnownFileType = sourcecode.c.objc; name = "CDVViewController+SplashScreen.m"; path = "cordova-plugin-splashscreen/CDVViewController+SplashScreen.m"; sourceTree = "<group>"; };
		6748AF10ACF74FBEA3568E98 /* GCDWebServerFunctions.m */ = {isa = PBXFileReference; explicitFileType = undefined; fileEncoding = 4; includeInIndex = 0; lastKnownFileType = sourcecode.c.objc; name = GCDWebServerFunctions.m; path = "cordova-plugin-ionic-webview/GCDWebServerFunctions.m"; sourceTree = "<group>"; };
		6AFF5BF81D6E424B00AB3073 /* CDVLaunchScreen.storyboard */ = {isa = PBXFileReference; fileEncoding = 4; lastKnownFileType = file.storyboard; name = CDVLaunchScreen.storyboard; path = uballn/CDVLaunchScreen.storyboard; sourceTree = SOURCE_ROOT; };
		6CF90F108E20435EAFA774A7 /* GCDWebServerURLEncodedFormRequest.m */ = {isa = PBXFileReference; explicitFileType = undefined; fileEncoding = 4; includeInIndex = 0; lastKnownFileType = sourcecode.c.objc; name = GCDWebServerURLEncodedFormRequest.m; path = "cordova-plugin-ionic-webview/GCDWebServerURLEncodedFormRequest.m"; sourceTree = "<group>"; };
		6D7E1A1E862446D7A785BB6A /* GCDWebServerStreamedResponse.h */ = {isa = PBXFileReference; explicitFileType = undefined; fileEncoding = 4; includeInIndex = 0; lastKnownFileType = sourcecode.c.h; name = GCDWebServerStreamedResponse.h; path = "cordova-plugin-ionic-webview/GCDWebServerStreamedResponse.h"; sourceTree = "<group>"; };
		6F3C712051AE4AAE97F63DF1 /* GCDWebServerResponse.m */ = {isa = PBXFileReference; explicitFileType = undefined; fileEncoding = 4; includeInIndex = 0; lastKnownFileType = sourcecode.c.objc; name = GCDWebServerResponse.m; path = "cordova-plugin-ionic-webview/GCDWebServerResponse.m"; sourceTree = "<group>"; };
		70E6A797064047698E92E70D /* GCDWebServerConnection.h */ = {isa = PBXFileReference; explicitFileType = undefined; fileEncoding = 4; includeInIndex = 0; lastKnownFileType = sourcecode.c.h; name = GCDWebServerConnection.h; path = "cordova-plugin-ionic-webview/GCDWebServerConnection.h"; sourceTree = "<group>"; };
		70FD584897704F89B3C68B8F /* CDVDevice.h */ = {isa = PBXFileReference; explicitFileType = undefined; fileEncoding = 4; includeInIndex = 0; lastKnownFileType = sourcecode.c.h; name = CDVDevice.h; path = "cordova-plugin-device/CDVDevice.h"; sourceTree = "<group>"; };
		715AA1DB1B3B4A899B35FA0F /* APPNotificationContent.m */ = {isa = PBXFileReference; explicitFileType = undefined; fileEncoding = 4; includeInIndex = 0; lastKnownFileType = sourcecode.c.objc; name = APPNotificationContent.m; path = "cordova-plugin-local-notification/APPNotificationContent.m"; sourceTree = "<group>"; };
		73824241652B48D28844703A /* UNNotificationRequest+APPLocalNotification.h */ = {isa = PBXFileReference; explicitFileType = undefined; fileEncoding = 4; includeInIndex = 0; lastKnownFileType = sourcecode.c.h; name = "UNNotificationRequest+APPLocalNotification.h"; path = "cordova-plugin-local-notification/UNNotificationRequest+APPLocalNotification.h"; sourceTree = "<group>"; };
		74EF3C4B786943648DE9E97E /* CDVWKProcessPoolFactory.m */ = {isa = PBXFileReference; explicitFileType = undefined; fileEncoding = 4; includeInIndex = 0; lastKnownFileType = sourcecode.c.objc; name = CDVWKProcessPoolFactory.m; path = "cordova-plugin-ionic-webview/CDVWKProcessPoolFactory.m"; sourceTree = "<group>"; };
		8264463CE5E348619B0CA2D6 /* GCDWebServerFileRequest.m */ = {isa = PBXFileReference; explicitFileType = undefined; fileEncoding = 4; includeInIndex = 0; lastKnownFileType = sourcecode.c.objc; name = GCDWebServerFileRequest.m; path = "cordova-plugin-ionic-webview/GCDWebServerFileRequest.m"; sourceTree = "<group>"; };
		8D1107310486CEB800E47090 /* uballn-Info.plist */ = {isa = PBXFileReference; fileEncoding = 4; lastKnownFileType = text.plist.xml; name = "uballn-Info.plist"; path = "uballn/uballn-Info.plist"; plistStructureDefinitionIdentifier = "com.apple.xcode.plist.structure-definition.iphone.info-plist"; sourceTree = SOURCE_ROOT; };
		909E278A7F784195B63008BF /* CDVJpegHeaderWriter.m */ = {isa = PBXFileReference; explicitFileType = undefined; fileEncoding = 4; includeInIndex = 0; lastKnownFileType = sourcecode.c.objc; name = CDVJpegHeaderWriter.m; path = "cordova-plugin-camera/CDVJpegHeaderWriter.m"; sourceTree = "<group>"; };
		930919D7CC924F50BE065115 /* APPBadge.m */ = {isa = PBXFileReference; explicitFileType = undefined; fileEncoding = 4; includeInIndex = 0; lastKnownFileType = sourcecode.c.objc; name = APPBadge.m; path = "cordova-plugin-badge/APPBadge.m"; sourceTree = "<group>"; };
		932F6617FDD64868AAA100ED /* ImageIO.framework */ = {isa = PBXFileReference; explicitFileType = undefined; fileEncoding = 9; includeInIndex = 0; lastKnownFileType = wrapper.framework; name = ImageIO.framework; path = System/Library/Frameworks/ImageIO.framework; sourceTree = SDKROOT; };
		96FE0DEB668D4CC6882E5953 /* AddressBook.framework */ = {isa = PBXFileReference; explicitFileType = undefined; fileEncoding = 9; includeInIndex = 0; lastKnownFileType = wrapper.framework; name = AddressBook.framework; path = System/Library/Frameworks/AddressBook.framework; sourceTree = SDKROOT; };
		994BE9A2834F4B50B02AA7C1 /* SwiftyJson.swift */ = {isa = PBXFileReference; explicitFileType = undefined; fileEncoding = 4; includeInIndex = 0; lastKnownFileType = sourcecode.swift; name = SwiftyJson.swift; path = "cordova-plugin-geofence/SwiftyJson.swift"; sourceTree = "<group>"; };
		9E7C1115E8294240A9D639A0 /* CDVLocation.h */ = {isa = PBXFileReference; explicitFileType = undefined; fileEncoding = 4; includeInIndex = 0; lastKnownFileType = sourcecode.c.h; name = CDVLocation.h; path = "cordova-plugin-geolocation/CDVLocation.h"; sourceTree = "<group>"; };
		A4B5D81D832A444BA04601AE /* GCDWebServerHTTPStatusCodes.h */ = {isa = PBXFileReference; explicitFileType = undefined; fileEncoding = 4; includeInIndex = 0; lastKnownFileType = sourcecode.c.h; name = GCDWebServerHTTPStatusCodes.h; path = "cordova-plugin-ionic-webview/GCDWebServerHTTPStatusCodes.h"; sourceTree = "<group>"; };
		A4C868DA7DFB4ABC822B7566 /* APPLocalNotification.m */ = {isa = PBXFileReference; explicitFileType = undefined; fileEncoding = 4; includeInIndex = 0; lastKnownFileType = sourcecode.c.objc; name = APPLocalNotification.m; path = "cordova-plugin-local-notification/APPLocalNotification.m"; sourceTree = "<group>"; };
		A70C3EBCE9B1442EB6482FDE /* GeofencePlugin.swift */ = {isa = PBXFileReference; explicitFileType = undefined; fileEncoding = 4; includeInIndex = 0; lastKnownFileType = sourcecode.swift; name = GeofencePlugin.swift; path = "cordova-plugin-geofence/GeofencePlugin.swift"; sourceTree = "<group>"; };
		A9279E38E66A40DD8BB00DBF /* GCDWebServer.m */ = {isa = PBXFileReference; explicitFileType = undefined; fileEncoding = 4; includeInIndex = 0; lastKnownFileType = sourcecode.c.objc; name = GCDWebServer.m; path = "cordova-plugin-ionic-webview/GCDWebServer.m"; sourceTree = "<group>"; };
		AD2EF6BD000D44D1B78EF212 /* UIImage+CropScaleOrientation.h */ = {isa = PBXFileReference; explicitFileType = undefined; fileEncoding = 4; includeInIndex = 0; lastKnownFileType = sourcecode.c.h; name = "UIImage+CropScaleOrientation.h"; path = "cordova-plugin-camera/UIImage+CropScaleOrientation.h"; sourceTree = "<group>"; };
		AF1FF461E2AE46E38C8B052F /* CDVIonicKeyboard.h */ = {isa = PBXFileReference; explicitFileType = undefined; fileEncoding = 4; includeInIndex = 0; lastKnownFileType = sourcecode.c.h; name = CDVIonicKeyboard.h; path = "cordova-plugin-ionic-keyboard/CDVIonicKeyboard.h"; sourceTree = "<group>"; };
		B4973640DBD548889B1A6BDD /* UIImage+CropScaleOrientation.m */ = {isa = PBXFileReference; explicitFileType = undefined; fileEncoding = 4; includeInIndex = 0; lastKnownFileType = sourcecode.c.objc; name = "UIImage+CropScaleOrientation.m"; path = "cordova-plugin-camera/UIImage+CropScaleOrientation.m"; sourceTree = "<group>"; };
		C28549E830CE4F79A3A94C90 /* libz.tbd */ = {isa = PBXFileReference; explicitFileType = undefined; fileEncoding = 9; includeInIndex = 0; lastKnownFileType = "sourcecode.text-based-dylib-definition"; name = libz.tbd; path = usr/lib/libz.tbd; sourceTree = SDKROOT; };
		C54C225383AB42FABF356310 /* GCDWebServer.h */ = {isa = PBXFileReference; explicitFileType = undefined; fileEncoding = 4; includeInIndex = 0; lastKnownFileType = sourcecode.c.h; name = GCDWebServer.h; path = "cordova-plugin-ionic-webview/GCDWebServer.h"; sourceTree = "<group>"; };
		C834D20A5F8548E29C212AB8 /* CDVContact.h */ = {isa = PBXFileReference; explicitFileType = undefined; fileEncoding = 4; includeInIndex = 0; lastKnownFileType = sourcecode.c.h; name = CDVContact.h; path = "cordova-plugin-contacts/CDVContact.h"; sourceTree = "<group>"; };
		CCE0D871FB6E4D7D96ED22B7 /* CDVWKWebViewEngine.h */ = {isa = PBXFileReference; explicitFileType = undefined; fileEncoding = 4; includeInIndex = 0; lastKnownFileType = sourcecode.c.h; name = CDVWKWebViewEngine.h; path = "cordova-plugin-ionic-webview/CDVWKWebViewEngine.h"; sourceTree = "<group>"; };
		CE10E3104F3A4CBFBB493DC9 /* CDVSplashScreen.h */ = {isa = PBXFileReference; explicitFileType = undefined; fileEncoding = 4; includeInIndex = 0; lastKnownFileType = sourcecode.c.h; name = CDVSplashScreen.h; path = "cordova-plugin-splashscreen/CDVSplashScreen.h"; sourceTree = "<group>"; };
		CF4FE6A81D1245C8960F0CF8 /* CDVJpegHeaderWriter.h */ = {isa = PBXFileReference; explicitFileType = undefined; fileEncoding = 4; includeInIndex = 0; lastKnownFileType = sourcecode.c.h; name = CDVJpegHeaderWriter.h; path = "cordova-plugin-camera/CDVJpegHeaderWriter.h"; sourceTree = "<group>"; };
		D36D9DBE0FF0417D91E63D52 /* GCDWebServerDataRequest.h */ = {isa = PBXFileReference; explicitFileType = undefined; fileEncoding = 4; includeInIndex = 0; lastKnownFileType = sourcecode.c.h; name = GCDWebServerDataRequest.h; path = "cordova-plugin-ionic-webview/GCDWebServerDataRequest.h"; sourceTree = "<group>"; };
		D5934C51599D48EF8345DC69 /* GCDWebServerPrivate.h */ = {isa = PBXFileReference; explicitFileType = undefined; fileEncoding = 4; includeInIndex = 0; lastKnownFileType = sourcecode.c.h; name = GCDWebServerPrivate.h; path = "cordova-plugin-ionic-webview/GCDWebServerPrivate.h"; sourceTree = "<group>"; };
		D5D3DF5177E8480EAA21DDBC /* WebKit.framework */ = {isa = PBXFileReference; explicitFileType = undefined; fileEncoding = 9; includeInIndex = 0; lastKnownFileType = wrapper.framework; name = WebKit.framework; path = System/Library/Frameworks/WebKit.framework; sourceTree = SDKROOT; };
		D6F7AE4C9FA349C1AA29BAFA /* AVFoundation.framework */ = {isa = PBXFileReference; explicitFileType = undefined; fileEncoding = 9; includeInIndex = 0; lastKnownFileType = wrapper.framework; name = AVFoundation.framework; path = System/Library/Frameworks/AVFoundation.framework; sourceTree = SDKROOT; };
		D8196422E6C4458DA0725E48 /* GCDWebServerRequest.m */ = {isa = PBXFileReference; explicitFileType = undefined; fileEncoding = 4; includeInIndex = 0; lastKnownFileType = sourcecode.c.objc; name = GCDWebServerRequest.m; path = "cordova-plugin-ionic-webview/GCDWebServerRequest.m"; sourceTree = "<group>"; };
		DD038C2E03A74C6DBB8E87CC /* libsqlite3.dylib */ = {isa = PBXFileReference; explicitFileType = undefined; fileEncoding = 9; includeInIndex = 0; lastKnownFileType = "compiled.mach-o.dylib"; name = libsqlite3.dylib; path = usr/lib/libsqlite3.dylib; sourceTree = SDKROOT; };
		DEFDB1C92BF342009260F2F4 /* GCDWebServerRequest.h */ = {isa = PBXFileReference; explicitFileType = undefined; fileEncoding = 4; includeInIndex = 0; lastKnownFileType = sourcecode.c.h; name = GCDWebServerRequest.h; path = "cordova-plugin-ionic-webview/GCDWebServerRequest.h"; sourceTree = "<group>"; };
		E1280CE3DB8548A7B01C3211 /* GCDWebServerFileResponse.m */ = {isa = PBXFileReference; explicitFileType = undefined; fileEncoding = 4; includeInIndex = 0; lastKnownFileType = sourcecode.c.objc; name = GCDWebServerFileResponse.m; path = "cordova-plugin-ionic-webview/GCDWebServerFileResponse.m"; sourceTree = "<group>"; };
		E14019DBB09C4944A95D5E04 /* CDVStatusBar.m */ = {isa = PBXFileReference; explicitFileType = undefined; fileEncoding = 4; includeInIndex = 0; lastKnownFileType = sourcecode.c.objc; name = CDVStatusBar.m; path = "cordova-plugin-statusbar/CDVStatusBar.m"; sourceTree = "<group>"; };
		E596AE3CAEAC474AB9C9D6C6 /* CDVContact.m */ = {isa = PBXFileReference; explicitFileType = undefined; fileEncoding = 4; includeInIndex = 0; lastKnownFileType = sourcecode.c.objc; name = CDVContact.m; path = "cordova-plugin-contacts/CDVContact.m"; sourceTree = "<group>"; };
		E85BAA59AFC94FF9BB0DB510 /* SwiftData.swift */ = {isa = PBXFileReference; explicitFileType = undefined; fileEncoding = 4; includeInIndex = 0; lastKnownFileType = sourcecode.swift; name = SwiftData.swift; path = "cordova-plugin-geofence/SwiftData.swift"; sourceTree = "<group>"; };
		E997AC0ED24D4EBDB7FD830A /* AddressBookUI.framework */ = {isa = PBXFileReference; explicitFileType = undefined; fileEncoding = 9; includeInIndex = 0; lastKnownFileType = wrapper.framework; name = AddressBookUI.framework; path = System/Library/Frameworks/AddressBookUI.framework; sourceTree = SDKROOT; };
		EB53542B17134B49AE2207A9 /* CDVWKWebViewEngine.m */ = {isa = PBXFileReference; explicitFileType = undefined; fileEncoding = 4; includeInIndex = 0; lastKnownFileType = sourcecode.c.objc; name = CDVWKWebViewEngine.m; path = "cordova-plugin-ionic-webview/CDVWKWebViewEngine.m"; sourceTree = "<group>"; };
		EB87FDF31871DA8E0020F90C /* www */ = {isa = PBXFileReference; lastKnownFileType = folder; name = www; path = ../../www; sourceTree = "<group>"; };
		EB87FDF41871DAF40020F90C /* config.xml */ = {isa = PBXFileReference; lastKnownFileType = text.xml; name = config.xml; path = ../../config.xml; sourceTree = "<group>"; };
		EBC330184F72467C908F11D8 /* UNNotificationRequest+APPLocalNotification.m */ = {isa = PBXFileReference; explicitFileType = undefined; fileEncoding = 4; includeInIndex = 0; lastKnownFileType = sourcecode.c.objc; name = "UNNotificationRequest+APPLocalNotification.m"; path = "cordova-plugin-local-notification/UNNotificationRequest+APPLocalNotification.m"; sourceTree = "<group>"; };
		EC5C74AE4F124C9CA021706D /* CDVDevice.m */ = {isa = PBXFileReference; explicitFileType = undefined; fileEncoding = 4; includeInIndex = 0; lastKnownFileType = sourcecode.c.objc; name = CDVDevice.m; path = "cordova-plugin-device/CDVDevice.m"; sourceTree = "<group>"; };
		ED33DF2A687741AEAF9F8254 /* Bridging-Header.h */ = {isa = PBXFileReference; fileEncoding = 4; lastKnownFileType = sourcecode.c.h; path = "Bridging-Header.h"; sourceTree = "<group>"; };
		EDAB314C57C94660BBB426D1 /* CDVViewController+SplashScreen.h */ = {isa = PBXFileReference; explicitFileType = undefined; fileEncoding = 4; includeInIndex = 0; lastKnownFileType = sourcecode.c.h; name = "CDVViewController+SplashScreen.h"; path = "cordova-plugin-splashscreen/CDVViewController+SplashScreen.h"; sourceTree = "<group>"; };
		EE77E98A12B74A5680DEADDA /* GCDWebServerFileRequest.h */ = {isa = PBXFileReference; explicitFileType = undefined; fileEncoding = 4; includeInIndex = 0; lastKnownFileType = sourcecode.c.h; name = GCDWebServerFileRequest.h; path = "cordova-plugin-ionic-webview/GCDWebServerFileRequest.h"; sourceTree = "<group>"; };
		F3892C29DE584FAAB3DCFA00 /* GCDWebServerMultiPartFormRequest.m */ = {isa = PBXFileReference; explicitFileType = undefined; fileEncoding = 4; includeInIndex = 0; lastKnownFileType = sourcecode.c.objc; name = GCDWebServerMultiPartFormRequest.m; path = "cordova-plugin-ionic-webview/GCDWebServerMultiPartFormRequest.m"; sourceTree = "<group>"; };
		F55E4AE7905C4AA5BC5203D9 /* APPBadge.h */ = {isa = PBXFileReference; explicitFileType = undefined; fileEncoding = 4; includeInIndex = 0; lastKnownFileType = sourcecode.c.h; name = APPBadge.h; path = "cordova-plugin-badge/APPBadge.h"; sourceTree = "<group>"; };
		F840E1F0165FE0F500CFE078 /* config.xml */ = {isa = PBXFileReference; lastKnownFileType = text.xml; name = config.xml; path = uballn/config.xml; sourceTree = "<group>"; };
		FB58478C75FD4E9DBA34D47E /* CDVWKProcessPoolFactory.h */ = {isa = PBXFileReference; explicitFileType = undefined; fileEncoding = 4; includeInIndex = 0; lastKnownFileType = sourcecode.c.h; name = CDVWKProcessPoolFactory.h; path = "cordova-plugin-ionic-webview/CDVWKProcessPoolFactory.h"; sourceTree = "<group>"; };
		FF370BBC9CA44E20942E0C8A /* CDVContacts.h */ = {isa = PBXFileReference; explicitFileType = undefined; fileEncoding = 4; includeInIndex = 0; lastKnownFileType = sourcecode.c.h; name = CDVContacts.h; path = "cordova-plugin-contacts/CDVContacts.h"; sourceTree = "<group>"; };
		FF5A2B99B70E442AAD2D0C62 /* GCDWebServerFunctions.h */ = {isa = PBXFileReference; explicitFileType = undefined; fileEncoding = 4; includeInIndex = 0; lastKnownFileType = sourcecode.c.h; name = GCDWebServerFunctions.h; path = "cordova-plugin-ionic-webview/GCDWebServerFunctions.h"; sourceTree = "<group>"; };
/* End PBXFileReference section */

/* Begin PBXFrameworksBuildPhase section */
		1D60588F0D05DD3D006BFB54 /* Frameworks */ = {
			isa = PBXFrameworksBuildPhase;
			buildActionMask = 2147483647;
			files = (
				301BF552109A68D80062928A /* libCordova.a in Frameworks */,
				3EAEA54096E149BEBAC4D9B0 /* ImageIO.framework in Frameworks */,
				C41DA09A46C24BA5BECD1E86 /* CoreLocation.framework in Frameworks */,
				434AEEDA5A4E467D9E6723FA /* AVFoundation.framework in Frameworks */,
				68C4BE1A50B74BE3B4C9831B /* AddressBook.framework in Frameworks */,
				4AAA858384574EB09000C2F3 /* AddressBookUI.framework in Frameworks */,
				A781E25D0AA9469EA2BA0BE8 /* libz.tbd in Frameworks */,
				CD272D06A452457D9F14F403 /* libsqlite3.dylib in Frameworks */,
				7E90E1B144B844C1A07AA321 /* WebKit.framework in Frameworks */,
				7676F7DF3E1341E09D4A3A95 /* UserNotifications.framework in Frameworks */,
			);
			runOnlyForDeploymentPostprocessing = 0;
		};
/* End PBXFrameworksBuildPhase section */

/* Begin PBXGroup section */
		080E96DDFE201D6D7F000001 /* Classes */ = {
			isa = PBXGroup;
			children = (
				302D95EE14D2391D003F00A1 /* MainViewController.h */,
				302D95EF14D2391D003F00A1 /* MainViewController.m */,
				302D95F014D2391D003F00A1 /* MainViewController.xib */,
				1D3623240D0F684500981E51 /* AppDelegate.h */,
				1D3623250D0F684500981E51 /* AppDelegate.m */,
			);
			name = Classes;
			path = uballn/Classes;
			sourceTree = SOURCE_ROOT;
		};
		19C28FACFE9D520D11CA2CBB /* Products */ = {
			isa = PBXGroup;
			children = (
				1D6058910D05DD3D006BFB54 /* uballn.app */,
			);
			name = Products;
			sourceTree = "<group>";
		};
		29B97314FDCFA39411CA2CEA /* CustomTemplate */ = {
			isa = PBXGroup;
			children = (
				EB87FDF41871DAF40020F90C /* config.xml */,
				EB87FDF31871DA8E0020F90C /* www */,
				EB87FDF11871DA420020F90C /* Staging */,
				301BF52D109A57CC0062928A /* CordovaLib/CordovaLib.xcodeproj */,
				080E96DDFE201D6D7F000001 /* Classes */,
				307C750510C5A3420062BCA9 /* Plugins */,
				29B97315FDCFA39411CA2CEA /* Other Sources */,
				29B97317FDCFA39411CA2CEA /* Resources */,
				29B97323FDCFA39411CA2CEA /* Frameworks */,
				19C28FACFE9D520D11CA2CBB /* Products */,
			);
			name = CustomTemplate;
			sourceTree = "<group>";
		};
		29B97315FDCFA39411CA2CEA /* Other Sources */ = {
			isa = PBXGroup;
			children = (
				32CA4F630368D1EE00C91783 /* uballn-Prefix.pch */,
				29B97316FDCFA39411CA2CEA /* main.m */,
				ED33DF2A687741AEAF9F8254 /* Bridging-Header.h */,
			);
			name = "Other Sources";
			path = uballn;
			sourceTree = "<group>";
		};
		29B97317FDCFA39411CA2CEA /* Resources */ = {
			isa = PBXGroup;
			children = (
				0207DA571B56EA530066E2B4 /* Images.xcassets */,
				3047A50E1AB8057F00498E2A /* config */,
				8D1107310486CEB800E47090 /* uballn-Info.plist */,
				6AFF5BF81D6E424B00AB3073 /* CDVLaunchScreen.storyboard */,
			);
			name = Resources;
			path = uballn/Resources;
			sourceTree = "<group>";
		};
		29B97323FDCFA39411CA2CEA /* Frameworks */ = {
			isa = PBXGroup;
			children = (
				932F6617FDD64868AAA100ED /* ImageIO.framework */,
				4EE58E1FBAF64B52BB9F8C99 /* CoreLocation.framework */,
				D6F7AE4C9FA349C1AA29BAFA /* AVFoundation.framework */,
				96FE0DEB668D4CC6882E5953 /* AddressBook.framework */,
				E997AC0ED24D4EBDB7FD830A /* AddressBookUI.framework */,
				C28549E830CE4F79A3A94C90 /* libz.tbd */,
				DD038C2E03A74C6DBB8E87CC /* libsqlite3.dylib */,
				D5D3DF5177E8480EAA21DDBC /* WebKit.framework */,
				303929CC7AE148A49181E8A2 /* UserNotifications.framework */,
			);
			name = Frameworks;
			sourceTree = "<group>";
		};
		301BF52E109A57CC0062928A /* Products */ = {
			isa = PBXGroup;
			children = (
				301BF535109A57CC0062928A /* libCordova.a */,
				61CEA26520DEEAD400418527 /* Cordova.framework */,
			);
			name = Products;
			sourceTree = "<group>";
		};
		3047A50E1AB8057F00498E2A /* config */ = {
			isa = PBXGroup;
			children = (
				3047A50F1AB8059700498E2A /* build-debug.xcconfig */,
				3047A5101AB8059700498E2A /* build-release.xcconfig */,
				3047A5111AB8059700498E2A /* build.xcconfig */,
			);
			name = config;
			sourceTree = "<group>";
		};
		307C750510C5A3420062BCA9 /* Plugins */ = {
			isa = PBXGroup;
			children = (
				B4973640DBD548889B1A6BDD /* UIImage+CropScaleOrientation.m */,
				28E03AAEF0F84559818F5049 /* CDVCamera.m */,
				909E278A7F784195B63008BF /* CDVJpegHeaderWriter.m */,
				AD2EF6BD000D44D1B78EF212 /* UIImage+CropScaleOrientation.h */,
				04CC619499F6441AAA322A8F /* CDVCamera.h */,
				CF4FE6A81D1245C8960F0CF8 /* CDVJpegHeaderWriter.h */,
				0B2BF5B339AA4410B0C4DE87 /* CDVExif.h */,
				4FA3DF34A47D4CEF9FDDC743 /* CDVContacts.m */,
				E596AE3CAEAC474AB9C9D6C6 /* CDVContact.m */,
				FF370BBC9CA44E20942E0C8A /* CDVContacts.h */,
				C834D20A5F8548E29C212AB8 /* CDVContact.h */,
				EC5C74AE4F124C9CA021706D /* CDVDevice.m */,
				70FD584897704F89B3C68B8F /* CDVDevice.h */,
				A70C3EBCE9B1442EB6482FDE /* GeofencePlugin.swift */,
				E85BAA59AFC94FF9BB0DB510 /* SwiftData.swift */,
				994BE9A2834F4B50B02AA7C1 /* SwiftyJson.swift */,
				1262EB05797F48E6BFD694B1 /* Geofence-Plugin-Bridging-Header.h */,
				3886E43F2D6048B38AA74745 /* CDVLocation.m */,
				9E7C1115E8294240A9D639A0 /* CDVLocation.h */,
				2AF621CF91C54B4CB07BCC9C /* CDVIonicKeyboard.m */,
				AF1FF461E2AE46E38C8B052F /* CDVIonicKeyboard.h */,
				EB53542B17134B49AE2207A9 /* CDVWKWebViewEngine.m */,
				01C281669DB1481FA195F140 /* CDVWKWebViewUIDelegate.m */,
				74EF3C4B786943648DE9E97E /* CDVWKProcessPoolFactory.m */,
				A9279E38E66A40DD8BB00DBF /* GCDWebServer.m */,
				4ACBB5330FF444F89F2657B9 /* GCDWebServerConnection.m */,
				6748AF10ACF74FBEA3568E98 /* GCDWebServerFunctions.m */,
				D8196422E6C4458DA0725E48 /* GCDWebServerRequest.m */,
				6F3C712051AE4AAE97F63DF1 /* GCDWebServerResponse.m */,
				62B6A61D859E431BBB363F38 /* GCDWebServerDataRequest.m */,
				8264463CE5E348619B0CA2D6 /* GCDWebServerFileRequest.m */,
				F3892C29DE584FAAB3DCFA00 /* GCDWebServerMultiPartFormRequest.m */,
				6CF90F108E20435EAFA774A7 /* GCDWebServerURLEncodedFormRequest.m */,
				3D3CCA735E874856BE22841B /* GCDWebServerDataResponse.m */,
				050B588ADA2D4CFD9AF6D990 /* GCDWebServerErrorResponse.m */,
				E1280CE3DB8548A7B01C3211 /* GCDWebServerFileResponse.m */,
				0543EE66F86141688D4B0620 /* GCDWebServerStreamedResponse.m */,
				CCE0D871FB6E4D7D96ED22B7 /* CDVWKWebViewEngine.h */,
				1E8212E87469478495848EE4 /* CDVWKWebViewUIDelegate.h */,
				FB58478C75FD4E9DBA34D47E /* CDVWKProcessPoolFactory.h */,
				C54C225383AB42FABF356310 /* GCDWebServer.h */,
				70E6A797064047698E92E70D /* GCDWebServerConnection.h */,
				FF5A2B99B70E442AAD2D0C62 /* GCDWebServerFunctions.h */,
				A4B5D81D832A444BA04601AE /* GCDWebServerHTTPStatusCodes.h */,
				D5934C51599D48EF8345DC69 /* GCDWebServerPrivate.h */,
				DEFDB1C92BF342009260F2F4 /* GCDWebServerRequest.h */,
				065894369E68489EB2DF5BB6 /* GCDWebServerResponse.h */,
				D36D9DBE0FF0417D91E63D52 /* GCDWebServerDataRequest.h */,
				EE77E98A12B74A5680DEADDA /* GCDWebServerFileRequest.h */,
				3B664DBB435C4D639FE2E065 /* GCDWebServerMultiPartFormRequest.h */,
				2A78F3AFA0824A4C9CFCBD46 /* GCDWebServerURLEncodedFormRequest.h */,
				0A390E792CB5489093E5E9D0 /* GCDWebServerDataResponse.h */,
				37B66CB88A21439188009B7F /* GCDWebServerErrorResponse.h */,
				0817291550504A938745F1F9 /* GCDWebServerFileResponse.h */,
				6D7E1A1E862446D7A785BB6A /* GCDWebServerStreamedResponse.h */,
				930919D7CC924F50BE065115 /* APPBadge.m */,
				F55E4AE7905C4AA5BC5203D9 /* APPBadge.h */,
				A4C868DA7DFB4ABC822B7566 /* APPLocalNotification.m */,
				715AA1DB1B3B4A899B35FA0F /* APPNotificationContent.m */,
				095C9521B340488DA5D289DF /* APPNotificationOptions.m */,
				478D3E85CB164336BF331429 /* UNUserNotificationCenter+APPLocalNotification.m */,
				EBC330184F72467C908F11D8 /* UNNotificationRequest+APPLocalNotification.m */,
				597A932F16D649BC98064146 /* APPLocalNotification.h */,
				4C7DDDB3D8FC46F1BF17DA80 /* APPNotificationContent.h */,
				136C773A81454EBEB9660321 /* APPNotificationOptions.h */,
				5462CF7DFD8C49D8A04DBD84 /* UNUserNotificationCenter+APPLocalNotification.h */,
				73824241652B48D28844703A /* UNNotificationRequest+APPLocalNotification.h */,
				47A40F1B82234BDF9AE1ECB5 /* CDVSplashScreen.m */,
				66903FE4FC3443C9854549A4 /* CDVViewController+SplashScreen.m */,
				CE10E3104F3A4CBFBB493DC9 /* CDVSplashScreen.h */,
				EDAB314C57C94660BBB426D1 /* CDVViewController+SplashScreen.h */,
				E14019DBB09C4944A95D5E04 /* CDVStatusBar.m */,
				0AAD856825E14D1EBA964EAF /* CDVStatusBar.h */,
			);
			name = Plugins;
			path = uballn/Plugins;
			sourceTree = SOURCE_ROOT;
		};
		EB87FDF11871DA420020F90C /* Staging */ = {
			isa = PBXGroup;
			children = (
				F840E1F0165FE0F500CFE078 /* config.xml */,
				301BF56E109A69640062928A /* www */,
			);
			name = Staging;
			sourceTree = "<group>";
		};
/* End PBXGroup section */

/* Begin PBXNativeTarget section */
		1D6058900D05DD3D006BFB54 /* uballn */ = {
			isa = PBXNativeTarget;
			buildConfigurationList = 1D6058960D05DD3E006BFB54 /* Build configuration list for PBXNativeTarget "uballn" */;
			buildPhases = (
				304B58A110DAC018002A0835 /* Copy www directory */,
				1D60588D0D05DD3D006BFB54 /* Resources */,
				1D60588E0D05DD3D006BFB54 /* Sources */,
				1D60588F0D05DD3D006BFB54 /* Frameworks */,
			);
			buildRules = (
			);
			dependencies = (
				301BF551109A68C00062928A /* PBXTargetDependency */,
			);
			name = uballn;
			productName = uballn;
			productReference = 1D6058910D05DD3D006BFB54 /* uballn.app */;
			productType = "com.apple.product-type.application";
		};
/* End PBXNativeTarget section */

/* Begin PBXProject section */
		29B97313FDCFA39411CA2CEA /* Project object */ = {
			isa = PBXProject;
			attributes = {
				LastUpgradeCheck = 510;
				TargetAttributes = {
					1D6058900D05DD3D006BFB54 = {
						DevelopmentTeam = Q62E39ZFD8;
					};
				};
			};
			buildConfigurationList = C01FCF4E08A954540054247B /* Build configuration list for PBXProject "uballn" */;
			compatibilityVersion = "Xcode 3.2";
			developmentRegion = English;
			hasScannedForEncodings = 1;
			knownRegions = (
				en,
			);
			mainGroup = 29B97314FDCFA39411CA2CEA /* CustomTemplate */;
			projectDirPath = "";
			projectReferences = (
				{
					ProductGroup = 301BF52E109A57CC0062928A /* Products */;
					ProjectRef = 301BF52D109A57CC0062928A /* CordovaLib/CordovaLib.xcodeproj */;
				},
			);
			projectRoot = "";
			targets = (
				1D6058900D05DD3D006BFB54 /* uballn */,
			);
		};
/* End PBXProject section */

/* Begin PBXReferenceProxy section */
		301BF535109A57CC0062928A /* libCordova.a */ = {
			isa = PBXReferenceProxy;
			fileType = archive.ar;
			path = libCordova.a;
			remoteRef = 301BF534109A57CC0062928A /* PBXContainerItemProxy */;
			sourceTree = BUILT_PRODUCTS_DIR;
		};
		61CEA26520DEEAD400418527 /* Cordova.framework */ = {
			isa = PBXReferenceProxy;
			fileType = wrapper.framework;
			path = Cordova.framework;
			remoteRef = 61CEA26420DEEAD400418527 /* PBXContainerItemProxy */;
			sourceTree = BUILT_PRODUCTS_DIR;
		};
/* End PBXReferenceProxy section */

/* Begin PBXResourcesBuildPhase section */
		1D60588D0D05DD3D006BFB54 /* Resources */ = {
			isa = PBXResourcesBuildPhase;
			buildActionMask = 2147483647;
			files = (
				302D95F214D2391D003F00A1 /* MainViewController.xib in Resources */,
				0207DA581B56EA530066E2B4 /* Images.xcassets in Resources */,
				6AFF5BF91D6E424B00AB3073 /* CDVLaunchScreen.storyboard in Resources */,
			);
			runOnlyForDeploymentPostprocessing = 0;
		};
/* End PBXResourcesBuildPhase section */

/* Begin PBXShellScriptBuildPhase section */
		304B58A110DAC018002A0835 /* Copy www directory */ = {
			isa = PBXShellScriptBuildPhase;
			buildActionMask = 2147483647;
			files = (
			);
			inputPaths = (
			);
			name = "Copy www directory";
			outputPaths = (
			);
			runOnlyForDeploymentPostprocessing = 0;
			shellPath = /bin/sh;
			shellScript = "NODEJS_PATH=/usr/local/bin; NVM_NODE_PATH=~/.nvm/versions/node/`nvm version 2>/dev/null`/bin; N_NODE_PATH=`find /usr/local/n/versions/node/* -maxdepth 0 -type d 2>/dev/null | tail -1`/bin; XCODE_NODE_PATH=`xcode-select --print-path`/usr/share/xcs/Node/bin; PATH=$NODEJS_PATH:$NVM_NODE_PATH:$N_NODE_PATH:$XCODE_NODE_PATH:$PATH && node cordova/lib/copy-www-build-step.js";
			showEnvVarsInLog = 0;
		};
/* End PBXShellScriptBuildPhase section */

/* Begin PBXSourcesBuildPhase section */
		1D60588E0D05DD3D006BFB54 /* Sources */ = {
			isa = PBXSourcesBuildPhase;
			buildActionMask = 2147483647;
			files = (
				1D60589B0D05DD56006BFB54 /* main.m in Sources */,
				1D3623260D0F684500981E51 /* AppDelegate.m in Sources */,
				302D95F114D2391D003F00A1 /* MainViewController.m in Sources */,
				554F142059C3410BB598D040 /* UIImage+CropScaleOrientation.m in Sources */,
				886F3CB2B5A24344A1B3FBDC /* CDVCamera.m in Sources */,
				DE188188439F42C8B98C5FDC /* CDVJpegHeaderWriter.m in Sources */,
				B095AABC944044348B729D1B /* CDVContacts.m in Sources */,
				4D2B054ED2194EC590CD3872 /* CDVContact.m in Sources */,
				FECFD4733BE8481090A1EAE1 /* CDVDevice.m in Sources */,
				12C052C90800410B841B0DC1 /* GeofencePlugin.swift in Sources */,
				CC664EC755B04B22A687F98A /* SwiftData.swift in Sources */,
				357CAC504B314917839B22EF /* SwiftyJson.swift in Sources */,
				BD14E8AB2FC24C4ABF73A582 /* CDVLocation.m in Sources */,
				6DE687F38DE9421AA7F2F601 /* CDVIonicKeyboard.m in Sources */,
				09EC81D79FAE4A2AB8B1FC81 /* CDVWKWebViewEngine.m in Sources */,
				35817C16ADA84497B12D1497 /* CDVWKWebViewUIDelegate.m in Sources */,
				1074B41EB08547229522A56F /* CDVWKProcessPoolFactory.m in Sources */,
				C07FC5F1850C4BF0820CDF47 /* GCDWebServer.m in Sources */,
				6387B4E784D847BE8CA0078C /* GCDWebServerConnection.m in Sources */,
				4DFDF3567971474A91252238 /* GCDWebServerFunctions.m in Sources */,
				9F44441DFFB849798DF9BD8C /* GCDWebServerRequest.m in Sources */,
				49679544EF564482A0B7B7DB /* GCDWebServerResponse.m in Sources */,
				24E98ADCC873450F947C8601 /* GCDWebServerDataRequest.m in Sources */,
				42BABB7565744E4C8FBF8B77 /* GCDWebServerFileRequest.m in Sources */,
				876735402257468FB245D930 /* GCDWebServerMultiPartFormRequest.m in Sources */,
				2E19B071D1F34949A10D2A93 /* GCDWebServerURLEncodedFormRequest.m in Sources */,
				E6118150ED19430688512261 /* GCDWebServerDataResponse.m in Sources */,
				FD6FB64A62364101BAB4169E /* GCDWebServerErrorResponse.m in Sources */,
				0E9F487687CB41B69D97CDCF /* GCDWebServerFileResponse.m in Sources */,
				FC02FE2DB3834E9394CDA849 /* GCDWebServerStreamedResponse.m in Sources */,
				B8EE57160A9F4666ADAF2BA3 /* APPBadge.m in Sources */,
				2F0460186891408083815136 /* APPLocalNotification.m in Sources */,
				3CFBD955FE9D452A822F7936 /* APPNotificationContent.m in Sources */,
				C290E235337B4F069E11B234 /* APPNotificationOptions.m in Sources */,
				E1893987BFD84E04B41FE987 /* UNUserNotificationCenter+APPLocalNotification.m in Sources */,
				10F738C870694DA599892324 /* UNNotificationRequest+APPLocalNotification.m in Sources */,
				11647A67525E4797BAD464FB /* CDVSplashScreen.m in Sources */,
				7EF3228F58164D82AC3C33F4 /* CDVViewController+SplashScreen.m in Sources */,
				5666FBDF0CE2409684C80B82 /* CDVStatusBar.m in Sources */,
			);
			runOnlyForDeploymentPostprocessing = 0;
		};
/* End PBXSourcesBuildPhase section */

/* Begin PBXTargetDependency section */
		301BF551109A68C00062928A /* PBXTargetDependency */ = {
			isa = PBXTargetDependency;
			name = CordovaLib;
			targetProxy = 301BF550109A68C00062928A /* PBXContainerItemProxy */;
		};
/* End PBXTargetDependency section */

/* Begin XCBuildConfiguration section */
		1D6058940D05DD3E006BFB54 /* Debug */ = {
			isa = XCBuildConfiguration;
			baseConfigurationReference = 3047A50F1AB8059700498E2A /* build-debug.xcconfig */;
			buildSettings = {
				ALWAYS_EMBED_SWIFT_STANDARD_LIBRARIES = YES;
				ALWAYS_SEARCH_USER_PATHS = NO;
				ASSETCATALOG_COMPILER_APPICON_NAME = AppIcon;
				ASSETCATALOG_COMPILER_LAUNCHIMAGE_NAME = LaunchImage;
				CLANG_ENABLE_MODULES = YES;
				CLANG_ENABLE_OBJC_ARC = YES;
				COPY_PHASE_STRIP = NO;
				DEVELOPMENT_TEAM = Q62E39ZFD8;
				GCC_DYNAMIC_NO_PIC = NO;
				GCC_OPTIMIZATION_LEVEL = 0;
				GCC_PRECOMPILE_PREFIX_HEADER = YES;
				GCC_PREFIX_HEADER = "uballn/uballn-Prefix.pch";
				GCC_THUMB_SUPPORT = NO;
				GCC_VERSION = "";
				INFOPLIST_FILE = "uballn/uballn-Info.plist";
				IPHONEOS_DEPLOYMENT_TARGET = 9.0;
				LD_RUNPATH_SEARCH_PATHS = "@executable_path/Frameworks";
				PRODUCT_NAME = uballn;
				SWIFT_OBJC_BRIDGING_HEADER = "$(PROJECT_DIR)/$(PROJECT_NAME)/Bridging-Header.h";
				SWIFT_OPTIMIZATION_LEVEL = "-Onone";
				SWIFT_VERSION = 3.0;
				TARGETED_DEVICE_FAMILY = "1,2";
			};
			name = Debug;
		};
		1D6058950D05DD3E006BFB54 /* Release */ = {
			isa = XCBuildConfiguration;
			baseConfigurationReference = 3047A5101AB8059700498E2A /* build-release.xcconfig */;
			buildSettings = {
				ALWAYS_EMBED_SWIFT_STANDARD_LIBRARIES = YES;
				ALWAYS_SEARCH_USER_PATHS = NO;
				ASSETCATALOG_COMPILER_APPICON_NAME = AppIcon;
				ASSETCATALOG_COMPILER_LAUNCHIMAGE_NAME = LaunchImage;
				CLANG_ENABLE_MODULES = YES;
				CLANG_ENABLE_OBJC_ARC = YES;
				COPY_PHASE_STRIP = YES;
				DEVELOPMENT_TEAM = Q62E39ZFD8;
				GCC_PRECOMPILE_PREFIX_HEADER = YES;
				GCC_PREFIX_HEADER = "uballn/uballn-Prefix.pch";
				GCC_THUMB_SUPPORT = NO;
				GCC_VERSION = "";
				INFOPLIST_FILE = "uballn/uballn-Info.plist";
				IPHONEOS_DEPLOYMENT_TARGET = 9.0;
				LD_RUNPATH_SEARCH_PATHS = "@executable_path/Frameworks";
				PRODUCT_NAME = uballn;
				SWIFT_OBJC_BRIDGING_HEADER = "$(PROJECT_DIR)/$(PROJECT_NAME)/Bridging-Header.h";
				SWIFT_VERSION = 3.0;
				TARGETED_DEVICE_FAMILY = "1,2";
			};
			name = Release;
		};
		C01FCF4F08A954540054247B /* Debug */ = {
			isa = XCBuildConfiguration;
			baseConfigurationReference = 3047A5111AB8059700498E2A /* build.xcconfig */;
			buildSettings = {
				ALWAYS_EMBED_SWIFT_STANDARD_LIBRARIES = YES;
				CLANG_ENABLE_MODULES = YES;
				CLANG_ENABLE_OBJC_ARC = YES;
				CLANG_WARN_BOOL_CONVERSION = YES;
				CLANG_WARN_CONSTANT_CONVERSION = YES;
				CLANG_WARN_EMPTY_BODY = YES;
				CLANG_WARN_ENUM_CONVERSION = YES;
				CLANG_WARN_INT_CONVERSION = YES;
				CLANG_WARN__DUPLICATE_METHOD_MATCH = YES;
				GCC_C_LANGUAGE_STANDARD = c99;
				GCC_THUMB_SUPPORT = NO;
				GCC_VERSION = "";
				GCC_WARN_ABOUT_RETURN_TYPE = YES;
				GCC_WARN_UNDECLARED_SELECTOR = YES;
				GCC_WARN_UNINITIALIZED_AUTOS = YES;
				GCC_WARN_UNUSED_FUNCTION = YES;
				GCC_WARN_UNUSED_VARIABLE = YES;
				ONLY_ACTIVE_ARCH = YES;
				SDKROOT = iphoneos;
				SKIP_INSTALL = NO;
				SWIFT_OBJC_BRIDGING_HEADER = "$(PROJECT_DIR)/$(PROJECT_NAME)/Bridging-Header.h";
				SWIFT_OPTIMIZATION_LEVEL = "-Onone";
				SWIFT_VERSION = 3.0;
			};
			name = Debug;
		};
		C01FCF5008A954540054247B /* Release */ = {
			isa = XCBuildConfiguration;
			baseConfigurationReference = 3047A5111AB8059700498E2A /* build.xcconfig */;
			buildSettings = {
				ALWAYS_EMBED_SWIFT_STANDARD_LIBRARIES = YES;
				CLANG_ENABLE_MODULES = YES;
				CLANG_ENABLE_OBJC_ARC = YES;
				CLANG_WARN_BOOL_CONVERSION = YES;
				CLANG_WARN_CONSTANT_CONVERSION = YES;
				CLANG_WARN_EMPTY_BODY = YES;
				CLANG_WARN_ENUM_CONVERSION = YES;
				CLANG_WARN_INT_CONVERSION = YES;
				CLANG_WARN__DUPLICATE_METHOD_MATCH = YES;
				GCC_C_LANGUAGE_STANDARD = c99;
				GCC_THUMB_SUPPORT = NO;
				GCC_VERSION = "";
				GCC_WARN_ABOUT_RETURN_TYPE = YES;
				GCC_WARN_UNDECLARED_SELECTOR = YES;
				GCC_WARN_UNINITIALIZED_AUTOS = YES;
				GCC_WARN_UNUSED_FUNCTION = YES;
				GCC_WARN_UNUSED_VARIABLE = YES;
				SDKROOT = iphoneos;
				SKIP_INSTALL = NO;
				SWIFT_OBJC_BRIDGING_HEADER = "$(PROJECT_DIR)/$(PROJECT_NAME)/Bridging-Header.h";
				SWIFT_VERSION = 3.0;
			};
			name = Release;
		};
/* End XCBuildConfiguration section */

/* Begin XCConfigurationList section */
		1D6058960D05DD3E006BFB54 /* Build configuration list for PBXNativeTarget "uballn" */ = {
			isa = XCConfigurationList;
			buildConfigurations = (
				1D6058940D05DD3E006BFB54 /* Debug */,
				1D6058950D05DD3E006BFB54 /* Release */,
			);
			defaultConfigurationIsVisible = 0;
			defaultConfigurationName = Release;
		};
		C01FCF4E08A954540054247B /* Build configuration list for PBXProject "uballn" */ = {
			isa = XCConfigurationList;
			buildConfigurations = (
				C01FCF4F08A954540054247B /* Debug */,
				C01FCF5008A954540054247B /* Release */,
			);
			defaultConfigurationIsVisible = 0;
			defaultConfigurationName = Release;
		};
/* End XCConfigurationList section */
	};
	rootObject = 29B97313FDCFA39411CA2CEA /* Project object */;
}
